
Microsoft Visual Studio Solution File, Format Version 12.00
# Visual Studio 15
VisualStudioVersion = 15.0.27703.2042
MinimumVisualStudioVersion = 10.0.40219.1
Project("{9092AA53-FB77-4645-B42D-1CCCA6BD08BD}") = "pentex", "pentex\pentex.njsproj", "{2E5753EF-15FA-4A67-9A78-A74C577E2478}"
EndProject
Global
	GlobalSection(SolutionConfigurationPlatforms) = preSolution
		Debug|Any CPU = Debug|Any CPU
		Release|Any CPU = Release|Any CPU
	EndGlobalSection
	GlobalSection(ProjectConfigurationPlatforms) = postSolution
		{2E5753EF-15FA-4A67-9A78-A74C577E2478}.Debug|Any CPU.ActiveCfg = Debug|Any CPU
		{2E5753EF-15FA-4A67-9A78-A74C577E2478}.Debug|Any CPU.Build.0 = Debug|Any CPU
		{2E5753EF-15FA-4A67-9A78-A74C577E2478}.Release|Any CPU.ActiveCfg = Release|Any CPU
		{2E5753EF-15FA-4A67-9A78-A74C577E2478}.Release|Any CPU.Build.0 = Release|Any CPU
	EndGlobalSection
	GlobalSection(SolutionProperties) = preSolution
		HideSolutionNode = FALSE
	EndGlobalSection
	GlobalSection(ExtensibilityGlobals) = postSolution
		SolutionGuid = {072E3A99-E69B-442D-830F-162AD75915EB}
	EndGlobalSection
EndGlobal
